
Microsoft Visual Studio Solution File, Format Version 12.00
# Visual Studio 15
VisualStudioVersion = 15.0.28010.2041
MinimumVisualStudioVersion = 10.0.40219.1
Project("{FAE04EC0-301F-11D3-BF4B-00C04F79EFBC}") = "ShellApi", "ShellApi\ShellApi.csproj", "{A6580CC7-302C-4889-881F-5E3139C9C553}"
EndProject
Global
	GlobalSection(SolutionConfigurationPlatforms) = preSolution
		Debug|Any CPU = Debug|Any CPU
		Release|Any CPU = Release|Any CPU
	EndGlobalSection
	GlobalSection(ProjectConfigurationPlatforms) = postSolution
		{A6580CC7-302C-4889-881F-5E3139C9C553}.Debug|Any CPU.ActiveCfg = Debug|Any CPU
		{A6580CC7-302C-4889-881F-5E3139C9C553}.Debug|Any CPU.Build.0 = Debug|Any CPU
		{A6580CC7-302C-4889-881F-5E3139C9C553}.Release|Any CPU.ActiveCfg = Release|Any CPU
		{A6580CC7-302C-4889-881F-5E3139C9C553}.Release|Any CPU.Build.0 = Release|Any CPU
	EndGlobalSection
	GlobalSection(SolutionProperties) = preSolution
		HideSolutionNode = FALSE
	EndGlobalSection
	GlobalSection(ExtensibilityGlobals) = postSolution
		SolutionGuid = {A5B42AED-06BD-436F-A9F8-11941456B3F5}
	EndGlobalSection
EndGlobal
